
Microsoft Visual Studio Solution File, Format Version 12.00
# Visual Studio Version 17
VisualStudioVersion = 17.7.34018.315
MinimumVisualStudioVersion = 10.0.40219.1
Project("{FAE04EC0-301F-11D3-BF4B-00C04F79EFBC}") = "Assignment2", "Assignment2\Assignment2.csproj", "{BBE5BD9E-1FFF-4112-8550-66BAF5B1189D}"
EndProject
Global
	GlobalSection(SolutionConfigurationPlatforms) = preSolution
		Debug|Any CPU = Debug|Any CPU
		Release|Any CPU = Release|Any CPU
	EndGlobalSection
	GlobalSection(ProjectConfigurationPlatforms) = postSolution
		{BBE5BD9E-1FFF-4112-8550-66BAF5B1189D}.Debug|Any CPU.ActiveCfg = Debug|Any CPU
		{BBE5BD9E-1FFF-4112-8550-66BAF5B1189D}.Debug|Any CPU.Build.0 = Debug|Any CPU
		{BBE5BD9E-1FFF-4112-8550-66BAF5B1189D}.Release|Any CPU.ActiveCfg = Release|Any CPU
		{BBE5BD9E-1FFF-4112-8550-66BAF5B1189D}.Release|Any CPU.Build.0 = Release|Any CPU
	EndGlobalSection
	GlobalSection(SolutionProperties) = preSolution
		HideSolutionNode = FALSE
	EndGlobalSection
	GlobalSection(ExtensibilityGlobals) = postSolution
		SolutionGuid = {D118FB5D-7588-4177-9B46-788204525074}
	EndGlobalSection
EndGlobal
