
Microsoft Visual Studio Solution File, Format Version 12.00
# Visual Studio Version 17
VisualStudioVersion = 17.7.34018.315
MinimumVisualStudioVersion = 10.0.40219.1
Project("{FAE04EC0-301F-11D3-BF4B-00C04F79EFBC}") = "StudentManagement1", "StudentManagement1\StudentManagement1.csproj", "{A2642F07-C576-4F73-AB68-64120993FA1A}"
EndProject
Global
	GlobalSection(SolutionConfigurationPlatforms) = preSolution
		Debug|Any CPU = Debug|Any CPU
		Release|Any CPU = Release|Any CPU
	EndGlobalSection
	GlobalSection(ProjectConfigurationPlatforms) = postSolution
		{A2642F07-C576-4F73-AB68-64120993FA1A}.Debug|Any CPU.ActiveCfg = Debug|Any CPU
		{A2642F07-C576-4F73-AB68-64120993FA1A}.Debug|Any CPU.Build.0 = Debug|Any CPU
		{A2642F07-C576-4F73-AB68-64120993FA1A}.Release|Any CPU.ActiveCfg = Release|Any CPU
		{A2642F07-C576-4F73-AB68-64120993FA1A}.Release|Any CPU.Build.0 = Release|Any CPU
	EndGlobalSection
	GlobalSection(SolutionProperties) = preSolution
		HideSolutionNode = FALSE
	EndGlobalSection
	GlobalSection(ExtensibilityGlobals) = postSolution
		SolutionGuid = {721AEA56-5E68-4B45-B565-BBA4A5194A17}
	EndGlobalSection
EndGlobal
